{
    "_readme": [
        "This file locks the dependencies of your project to a known state",
        "Read more about it at http://getcomposer.org/doc/01-basic-usage.md#composer-lock-the-lock-file"
    ],
    "hash": "5b4069b4ba95e18748f5938336a312bb",
    "packages": [
        {
            "name": "easybook/geshi",
            "version": "dev-master",
            "source": {
                "type": "git",
                "url": "https://github.com/easybook/geshi.git",
                "reference": "6f5f9c621936faf90d92f355967604fe07f7a60f"
            },
            "dist": {
                "type": "zip",
                "url": "https://api.github.com/repos/easybook/geshi/zipball/6f5f9c621936faf90d92f355967604fe07f7a60f",
                "reference": "6f5f9c621936faf90d92f355967604fe07f7a60f",
                "shasum": ""
            },
            "require": {
                "php": ">4.3.0"
            },
            "type": "library",
            "autoload": {
                "classmap": [
                    "./"
                ]
            },
            "notification-url": "https://packagist.org/downloads/",
            "license": [
                "GPL-2.0"
            ],
            "authors": [
                {
                    "name": "Benny Baumann",
                    "email": "BenBE@geshi.org"
                },
                {
                    "name": "Nigel McNie",
                    "email": "nigel@geshi.org"
                }
            ],
            "description": "GeSHi - Generic Syntax Highlighter. This is an unmodified port of GeSHi project code found on SourceForge.",
            "homepage": "http://qbnz.com/highlighter",
            "keywords": [
                "highlight",
                "highlighter",
                "syntax"
            ],
            "time": "2012-09-28 10:33:45"
        }
    ],
    "packages-dev": [

    ],
    "aliases": [

    ],
    "minimum-stability": "stable",
    "stability-flags": {
        "easybook/geshi": 20
    },
    "platform": [

    ],
    "platform-dev": [

    ]
}
